
Microsoft Visual Studio Solution File, Format Version 12.00
# Visual Studio Version 17
VisualStudioVersion = 17.10.35004.147
MinimumVisualStudioVersion = 10.0.40219.1
Project("{FAE04EC0-301F-11D3-BF4B-00C04F79EFBC}") = "Module_4_18", "Module_4_18\Module_4_18.csproj", "{8C437913-1374-4198-9464-792E6CB41842}"
EndProject
Global
	GlobalSection(SolutionConfigurationPlatforms) = preSolution
		Debug|Any CPU = Debug|Any CPU
		Release|Any CPU = Release|Any CPU
	EndGlobalSection
	GlobalSection(ProjectConfigurationPlatforms) = postSolution
		{8C437913-1374-4198-9464-792E6CB41842}.Debug|Any CPU.ActiveCfg = Debug|Any CPU
		{8C437913-1374-4198-9464-792E6CB41842}.Debug|Any CPU.Build.0 = Debug|Any CPU
		{8C437913-1374-4198-9464-792E6CB41842}.Release|Any CPU.ActiveCfg = Release|Any CPU
		{8C437913-1374-4198-9464-792E6CB41842}.Release|Any CPU.Build.0 = Release|Any CPU
	EndGlobalSection
	GlobalSection(SolutionProperties) = preSolution
		HideSolutionNode = FALSE
	EndGlobalSection
	GlobalSection(ExtensibilityGlobals) = postSolution
		SolutionGuid = {6B7AB912-378B-4E90-A40E-F8C3C39BC3A8}
	EndGlobalSection
EndGlobal
